
Microsoft Visual Studio Solution File, Format Version 12.00
# Visual Studio 15
VisualStudioVersion = 15.0.27703.2035
MinimumVisualStudioVersion = 10.0.40219.1
Project("{FAE04EC0-301F-11D3-BF4B-00C04F79EFBC}") = "Objective_1.4", "Objective_1.4\Objective_1.4.csproj", "{FEE821C1-058B-49C2-A070-5E1F4B82757C}"
EndProject
Global
	GlobalSection(SolutionConfigurationPlatforms) = preSolution
		Debug|Any CPU = Debug|Any CPU
		Release|Any CPU = Release|Any CPU
	EndGlobalSection
	GlobalSection(ProjectConfigurationPlatforms) = postSolution
		{FEE821C1-058B-49C2-A070-5E1F4B82757C}.Debug|Any CPU.ActiveCfg = Debug|Any CPU
		{FEE821C1-058B-49C2-A070-5E1F4B82757C}.Debug|Any CPU.Build.0 = Debug|Any CPU
		{FEE821C1-058B-49C2-A070-5E1F4B82757C}.Release|Any CPU.ActiveCfg = Release|Any CPU
		{FEE821C1-058B-49C2-A070-5E1F4B82757C}.Release|Any CPU.Build.0 = Release|Any CPU
	EndGlobalSection
	GlobalSection(SolutionProperties) = preSolution
		HideSolutionNode = FALSE
	EndGlobalSection
	GlobalSection(ExtensibilityGlobals) = postSolution
		SolutionGuid = {87D4A4D2-7F94-448A-BE3B-93DDD0159969}
	EndGlobalSection
EndGlobal
